// !$*UTF8*$!
{
	archiveVersion = 1;
	classes = {
	};
	objectVersion = 56;
	objects = {

/* Begin PBXBuildFile section */
		4AB8A35B28D7B8C00006C893 /* O2App.swift in Sources */ = {isa = PBXBuildFile; fileRef = 4AB8A35A28D7B8C00006C893 /* O2App.swift */; };
		4AB8A35D28D7B8C00006C893 /* ContentView.swift in Sources */ = {isa = PBXBuildFile; fileRef = 4AB8A35C28D7B8C00006C893 /* ContentView.swift */; };
		4AB8A35F28D7B8C10006C893 /* Assets.xcassets in Resources */ = {isa = PBXBuildFile; fileRef = 4AB8A35E28D7B8C10006C893 /* Assets.xcassets */; };
		4AB8A36228D7B8C10006C893 /* Preview Assets.xcassets in Resources */ = {isa = PBXBuildFile; fileRef = 4AB8A36128D7B8C10006C893 /* Preview Assets.xcassets */; };
		4AB8A36C28D7B8C10006C893 /* O2Tests.swift in Sources */ = {isa = PBXBuildFile; fileRef = 4AB8A36B28D7B8C10006C893 /* O2Tests.swift */; };
		4AB8A37628D7B8C10006C893 /* O2UITests.swift in Sources */ = {isa = PBXBuildFile; fileRef = 4AB8A37528D7B8C10006C893 /* O2UITests.swift */; };
		4AB8A37828D7B8C10006C893 /* O2UITestsLaunchTests.swift in Sources */ = {isa = PBXBuildFile; fileRef = 4AB8A37728D7B8C10006C893 /* O2UITestsLaunchTests.swift */; };
		4AB8A38528D7B8DA0006C893 /* SplashScreen.swift in Sources */ = {isa = PBXBuildFile; fileRef = 4AB8A38428D7B8DA0006C893 /* SplashScreen.swift */; };
		4AB8A38928D7E6CB0006C893 /* WorkoutListScreen.swift in Sources */ = {isa = PBXBuildFile; fileRef = 4AB8A38828D7E6CB0006C893 /* WorkoutListScreen.swift */; };
		4AE5EE7928DD24030002FCFB /* DailyWorkout.swift in Sources */ = {isa = PBXBuildFile; fileRef = 4AE5EE7828DD24030002FCFB /* DailyWorkout.swift */; };
		4AE5EE7D28DD24C00002FCFB /* Realm in Frameworks */ = {isa = PBXBuildFile; productRef = 4AE5EE7C28DD24C00002FCFB /* Realm */; };
		4AE5EE7F28DD24C00002FCFB /* RealmSwift in Frameworks */ = {isa = PBXBuildFile; productRef = 4AE5EE7E28DD24C00002FCFB /* RealmSwift */; };
		4AE5EE8128DD257F0002FCFB /* History.swift in Sources */ = {isa = PBXBuildFile; fileRef = 4AE5EE8028DD257F0002FCFB /* History.swift */; };
		4AE5EE8328DD26820002FCFB /* Clock.swift in Sources */ = {isa = PBXBuildFile; fileRef = 4AE5EE8228DD26820002FCFB /* Clock.swift */; };
		4AE5EE8528DD26E40002FCFB /* HapticManager.swift in Sources */ = {isa = PBXBuildFile; fileRef = 4AE5EE8428DD26E40002FCFB /* HapticManager.swift */; };
		4AE5EE8728DD29460002FCFB /* ButtonView.swift in Sources */ = {isa = PBXBuildFile; fileRef = 4AE5EE8628DD29460002FCFB /* ButtonView.swift */; };
		4AE5EE8928DD29710002FCFB /* WorkoutEditScreen.swift in Sources */ = {isa = PBXBuildFile; fileRef = 4AE5EE8828DD29710002FCFB /* WorkoutEditScreen.swift */; };
		4AE5EE8B28DD299A0002FCFB /* WorkoutDetailScreen.swift in Sources */ = {isa = PBXBuildFile; fileRef = 4AE5EE8A28DD299A0002FCFB /* WorkoutDetailScreen.swift */; };
		4AE5EE8D28DD29AF0002FCFB /* WorkoutCellView.swift in Sources */ = {isa = PBXBuildFile; fileRef = 4AE5EE8C28DD29AF0002FCFB /* WorkoutCellView.swift */; };
		4AE5EE8F28DD2D160002FCFB /* TimerView.swift in Sources */ = {isa = PBXBuildFile; fileRef = 4AE5EE8E28DD2D160002FCFB /* TimerView.swift */; };
		4AE5EE9128DD2D3D0002FCFB /* HistoryView.swift in Sources */ = {isa = PBXBuildFile; fileRef = 4AE5EE9028DD2D3D0002FCFB /* HistoryView.swift */; };
/* End PBXBuildFile section */

/* Begin PBXContainerItemProxy section */
		4AB8A36828D7B8C10006C893 /* PBXContainerItemProxy */ = {
			isa = PBXContainerItemProxy;
			containerPortal = 4AB8A34F28D7B8C00006C893 /* Project object */;
			proxyType = 1;
			remoteGlobalIDString = 4AB8A35628D7B8C00006C893;
			remoteInfo = O2;
		};
		4AB8A37228D7B8C10006C893 /* PBXContainerItemProxy */ = {
			isa = PBXContainerItemProxy;
			containerPortal = 4AB8A34F28D7B8C00006C893 /* Project object */;
			proxyType = 1;
			remoteGlobalIDString = 4AB8A35628D7B8C00006C893;
			remoteInfo = O2;
		};
/* End PBXContainerItemProxy section */

/* Begin PBXFileReference section */
		4AB8A35728D7B8C00006C893 /* O2.app */ = {isa = PBXFileReference; explicitFileType = wrapper.application; includeInIndex = 0; path = O2.app; sourceTree = BUILT_PRODUCTS_DIR; };
		4AB8A35A28D7B8C00006C893 /* O2App.swift */ = {isa = PBXFileReference; lastKnownFileType = sourcecode.swift; path = O2App.swift; sourceTree = "<group>"; };
		4AB8A35C28D7B8C00006C893 /* ContentView.swift */ = {isa = PBXFileReference; lastKnownFileType = sourcecode.swift; path = ContentView.swift; sourceTree = "<group>"; };
		4AB8A35E28D7B8C10006C893 /* Assets.xcassets */ = {isa = PBXFileReference; lastKnownFileType = folder.assetcatalog; path = Assets.xcassets; sourceTree = "<group>"; };
		4AB8A36128D7B8C10006C893 /* Preview Assets.xcassets */ = {isa = PBXFileReference; lastKnownFileType = folder.assetcatalog; path = "Preview Assets.xcassets"; sourceTree = "<group>"; };
		4AB8A36728D7B8C10006C893 /* O2Tests.xctest */ = {isa = PBXFileReference; explicitFileType = wrapper.cfbundle; includeInIndex = 0; path = O2Tests.xctest; sourceTree = BUILT_PRODUCTS_DIR; };
		4AB8A36B28D7B8C10006C893 /* O2Tests.swift */ = {isa = PBXFileReference; lastKnownFileType = sourcecode.swift; path = O2Tests.swift; sourceTree = "<group>"; };
		4AB8A37128D7B8C10006C893 /* O2UITests.xctest */ = {isa = PBXFileReference; explicitFileType = wrapper.cfbundle; includeInIndex = 0; path = O2UITests.xctest; sourceTree = BUILT_PRODUCTS_DIR; };
		4AB8A37528D7B8C10006C893 /* O2UITests.swift */ = {isa = PBXFileReference; lastKnownFileType = sourcecode.swift; path = O2UITests.swift; sourceTree = "<group>"; };
		4AB8A37728D7B8C10006C893 /* O2UITestsLaunchTests.swift */ = {isa = PBXFileReference; lastKnownFileType = sourcecode.swift; path = O2UITestsLaunchTests.swift; sourceTree = "<group>"; };
		4AB8A38428D7B8DA0006C893 /* SplashScreen.swift */ = {isa = PBXFileReference; lastKnownFileType = sourcecode.swift; path = SplashScreen.swift; sourceTree = "<group>"; };
		4AB8A38828D7E6CB0006C893 /* WorkoutListScreen.swift */ = {isa = PBXFileReference; lastKnownFileType = sourcecode.swift; path = WorkoutListScreen.swift; sourceTree = "<group>"; };
		4AE5EE7828DD24030002FCFB /* DailyWorkout.swift */ = {isa = PBXFileReference; lastKnownFileType = sourcecode.swift; path = DailyWorkout.swift; sourceTree = "<group>"; };
		4AE5EE7A28DD24990002FCFB /* Info.plist */ = {isa = PBXFileReference; lastKnownFileType = text.plist; path = Info.plist; sourceTree = "<group>"; };
		4AE5EE8028DD257F0002FCFB /* History.swift */ = {isa = PBXFileReference; lastKnownFileType = sourcecode.swift; path = History.swift; sourceTree = "<group>"; };
		4AE5EE8228DD26820002FCFB /* Clock.swift */ = {isa = PBXFileReference; lastKnownFileType = sourcecode.swift; path = Clock.swift; sourceTree = "<group>"; };
		4AE5EE8428DD26E40002FCFB /* HapticManager.swift */ = {isa = PBXFileReference; lastKnownFileType = sourcecode.swift; path = HapticManager.swift; sourceTree = "<group>"; };
		4AE5EE8628DD29460002FCFB /* ButtonView.swift */ = {isa = PBXFileReference; lastKnownFileType = sourcecode.swift; path = ButtonView.swift; sourceTree = "<group>"; };
		4AE5EE8828DD29710002FCFB /* WorkoutEditScreen.swift */ = {isa = PBXFileReference; lastKnownFileType = sourcecode.swift; path = WorkoutEditScreen.swift; sourceTree = "<group>"; };
		4AE5EE8A28DD299A0002FCFB /* WorkoutDetailScreen.swift */ = {isa = PBXFileReference; lastKnownFileType = sourcecode.swift; path = WorkoutDetailScreen.swift; sourceTree = "<group>"; };
		4AE5EE8C28DD29AF0002FCFB /* WorkoutCellView.swift */ = {isa = PBXFileReference; lastKnownFileType = sourcecode.swift; path = WorkoutCellView.swift; sourceTree = "<group>"; };
		4AE5EE8E28DD2D160002FCFB /* TimerView.swift */ = {isa = PBXFileReference; lastKnownFileType = sourcecode.swift; path = TimerView.swift; sourceTree = "<group>"; };
		4AE5EE9028DD2D3D0002FCFB /* HistoryView.swift */ = {isa = PBXFileReference; lastKnownFileType = sourcecode.swift; path = HistoryView.swift; sourceTree = "<group>"; };
/* End PBXFileReference section */

/* Begin PBXFrameworksBuildPhase section */
		4AB8A35428D7B8C00006C893 /* Frameworks */ = {
			isa = PBXFrameworksBuildPhase;
			buildActionMask = 2147483647;
			files = (
				4AE5EE7F28DD24C00002FCFB /* RealmSwift in Frameworks */,
				4AE5EE7D28DD24C00002FCFB /* Realm in Frameworks */,
			);
			runOnlyForDeploymentPostprocessing = 0;
		};
		4AB8A36428D7B8C10006C893 /* Frameworks */ = {
			isa = PBXFrameworksBuildPhase;
			buildActionMask = 2147483647;
			files = (
			);
			runOnlyForDeploymentPostprocessing = 0;
		};
		4AB8A36E28D7B8C10006C893 /* Frameworks */ = {
			isa = PBXFrameworksBuildPhase;
			buildActionMask = 2147483647;
			files = (
			);
			runOnlyForDeploymentPostprocessing = 0;
		};
/* End PBXFrameworksBuildPhase section */

/* Begin PBXGroup section */
		4AB8A34E28D7B8C00006C893 = {
			isa = PBXGroup;
			children = (
				4AB8A35928D7B8C00006C893 /* O2 */,
				4AB8A36A28D7B8C10006C893 /* O2Tests */,
				4AB8A37428D7B8C10006C893 /* O2UITests */,
				4AB8A35828D7B8C00006C893 /* Products */,
			);
			sourceTree = "<group>";
		};
		4AB8A35828D7B8C00006C893 /* Products */ = {
			isa = PBXGroup;
			children = (
				4AB8A35728D7B8C00006C893 /* O2.app */,
				4AB8A36728D7B8C10006C893 /* O2Tests.xctest */,
				4AB8A37128D7B8C10006C893 /* O2UITests.xctest */,
			);
			name = Products;
			sourceTree = "<group>";
		};
		4AB8A35928D7B8C00006C893 /* O2 */ = {
			isa = PBXGroup;
			children = (
				4AE5EE7A28DD24990002FCFB /* Info.plist */,
				4AB8A38B28D7FC5A0006C893 /* Managers */,
				4AB8A38A28D7FC510006C893 /* Models */,
				4AB8A35A28D7B8C00006C893 /* O2App.swift */,
				4AB8A38628D7BF730006C893 /* Views */,
				4AB8A35E28D7B8C10006C893 /* Assets.xcassets */,
				4AB8A36028D7B8C10006C893 /* Preview Content */,
			);
			path = O2;
			sourceTree = "<group>";
		};
		4AB8A36028D7B8C10006C893 /* Preview Content */ = {
			isa = PBXGroup;
			children = (
				4AB8A36128D7B8C10006C893 /* Preview Assets.xcassets */,
			);
			path = "Preview Content";
			sourceTree = "<group>";
		};
		4AB8A36A28D7B8C10006C893 /* O2Tests */ = {
			isa = PBXGroup;
			children = (
				4AB8A36B28D7B8C10006C893 /* O2Tests.swift */,
			);
			path = O2Tests;
			sourceTree = "<group>";
		};
		4AB8A37428D7B8C10006C893 /* O2UITests */ = {
			isa = PBXGroup;
			children = (
				4AB8A37528D7B8C10006C893 /* O2UITests.swift */,
				4AB8A37728D7B8C10006C893 /* O2UITestsLaunchTests.swift */,
			);
			path = O2UITests;
			sourceTree = "<group>";
		};
		4AB8A38628D7BF730006C893 /* Views */ = {
			isa = PBXGroup;
			children = (
				4AB8A35C28D7B8C00006C893 /* ContentView.swift */,
				4AB8A38728D7BF7B0006C893 /* Screens */,
				4AE5EE8628DD29460002FCFB /* ButtonView.swift */,
				4AE5EE8E28DD2D160002FCFB /* TimerView.swift */,
				4AE5EE9028DD2D3D0002FCFB /* HistoryView.swift */,
			);
			path = Views;
			sourceTree = "<group>";
		};
		4AB8A38728D7BF7B0006C893 /* Screens */ = {
			isa = PBXGroup;
			children = (
				4AB8A38428D7B8DA0006C893 /* SplashScreen.swift */,
				4AB8A38828D7E6CB0006C893 /* WorkoutListScreen.swift */,
				4AE5EE8828DD29710002FCFB /* WorkoutEditScreen.swift */,
				4AE5EE8A28DD299A0002FCFB /* WorkoutDetailScreen.swift */,
				4AE5EE8C28DD29AF0002FCFB /* WorkoutCellView.swift */,
			);
			path = Screens;
			sourceTree = "<group>";
		};
		4AB8A38A28D7FC510006C893 /* Models */ = {
			isa = PBXGroup;
			children = (
				4AE5EE7828DD24030002FCFB /* DailyWorkout.swift */,
				4AE5EE8028DD257F0002FCFB /* History.swift */,
				4AE5EE8228DD26820002FCFB /* Clock.swift */,
			);
			path = Models;
			sourceTree = "<group>";
		};
		4AB8A38B28D7FC5A0006C893 /* Managers */ = {
			isa = PBXGroup;
			children = (
				4AE5EE8428DD26E40002FCFB /* HapticManager.swift */,
			);
			path = Managers;
			sourceTree = "<group>";
		};
/* End PBXGroup section */

/* Begin PBXNativeTarget section */
		4AB8A35628D7B8C00006C893 /* O2 */ = {
			isa = PBXNativeTarget;
			buildConfigurationList = 4AB8A37B28D7B8C10006C893 /* Build configuration list for PBXNativeTarget "O2" */;
			buildPhases = (
				4AB8A35328D7B8C00006C893 /* Sources */,
				4AB8A35428D7B8C00006C893 /* Frameworks */,
				4AB8A35528D7B8C00006C893 /* Resources */,
			);
			buildRules = (
			);
			dependencies = (
			);
			name = O2;
			packageProductDependencies = (
				4AE5EE7C28DD24C00002FCFB /* Realm */,
				4AE5EE7E28DD24C00002FCFB /* RealmSwift */,
			);
			productName = O2;
			productReference = 4AB8A35728D7B8C00006C893 /* O2.app */;
			productType = "com.apple.product-type.application";
		};
		4AB8A36628D7B8C10006C893 /* O2Tests */ = {
			isa = PBXNativeTarget;
			buildConfigurationList = 4AB8A37E28D7B8C10006C893 /* Build configuration list for PBXNativeTarget "O2Tests" */;
			buildPhases = (
				4AB8A36328D7B8C10006C893 /* Sources */,
				4AB8A36428D7B8C10006C893 /* Frameworks */,
				4AB8A36528D7B8C10006C893 /* Resources */,
			);
			buildRules = (
			);
			dependencies = (
				4AB8A36928D7B8C10006C893 /* PBXTargetDependency */,
			);
			name = O2Tests;
			productName = O2Tests;
			productReference = 4AB8A36728D7B8C10006C893 /* O2Tests.xctest */;
			productType = "com.apple.product-type.bundle.unit-test";
		};
		4AB8A37028D7B8C10006C893 /* O2UITests */ = {
			isa = PBXNativeTarget;
			buildConfigurationList = 4AB8A38128D7B8C10006C893 /* Build configuration list for PBXNativeTarget "O2UITests" */;
			buildPhases = (
				4AB8A36D28D7B8C10006C893 /* Sources */,
				4AB8A36E28D7B8C10006C893 /* Frameworks */,
				4AB8A36F28D7B8C10006C893 /* Resources */,
			);
			buildRules = (
			);
			dependencies = (
				4AB8A37328D7B8C10006C893 /* PBXTargetDependency */,
			);
			name = O2UITests;
			productName = O2UITests;
			productReference = 4AB8A37128D7B8C10006C893 /* O2UITests.xctest */;
			productType = "com.apple.product-type.bundle.ui-testing";
		};
/* End PBXNativeTarget section */

/* Begin PBXProject section */
		4AB8A34F28D7B8C00006C893 /* Project object */ = {
			isa = PBXProject;
			attributes = {
				BuildIndependentTargetsInParallel = 1;
				LastSwiftUpdateCheck = 1400;
				LastUpgradeCheck = 1400;
				TargetAttributes = {
					4AB8A35628D7B8C00006C893 = {
						CreatedOnToolsVersion = 14.0;
					};
					4AB8A36628D7B8C10006C893 = {
						CreatedOnToolsVersion = 14.0;
						TestTargetID = 4AB8A35628D7B8C00006C893;
					};
					4AB8A37028D7B8C10006C893 = {
						CreatedOnToolsVersion = 14.0;
						TestTargetID = 4AB8A35628D7B8C00006C893;
					};
				};
			};
			buildConfigurationList = 4AB8A35228D7B8C00006C893 /* Build configuration list for PBXProject "O2" */;
			compatibilityVersion = "Xcode 14.0";
			developmentRegion = en;
			hasScannedForEncodings = 0;
			knownRegions = (
				en,
				Base,
			);
			mainGroup = 4AB8A34E28D7B8C00006C893;
			packageReferences = (
				4AE5EE7B28DD24BF0002FCFB /* XCRemoteSwiftPackageReference "realm-cocoa" */,
			);
			productRefGroup = 4AB8A35828D7B8C00006C893 /* Products */;
			projectDirPath = "";
			projectRoot = "";
			targets = (
				4AB8A35628D7B8C00006C893 /* O2 */,
				4AB8A36628D7B8C10006C893 /* O2Tests */,
				4AB8A37028D7B8C10006C893 /* O2UITests */,
			);
		};
/* End PBXProject section */

/* Begin PBXResourcesBuildPhase section */
		4AB8A35528D7B8C00006C893 /* Resources */ = {
			isa = PBXResourcesBuildPhase;
			buildActionMask = 2147483647;
			files = (
				4AB8A36228D7B8C10006C893 /* Preview Assets.xcassets in Resources */,
				4AB8A35F28D7B8C10006C893 /* Assets.xcassets in Resources */,
			);
			runOnlyForDeploymentPostprocessing = 0;
		};
		4AB8A36528D7B8C10006C893 /* Resources */ = {
			isa = PBXResourcesBuildPhase;
			buildActionMask = 2147483647;
			files = (
			);
			runOnlyForDeploymentPostprocessing = 0;
		};
		4AB8A36F28D7B8C10006C893 /* Resources */ = {
			isa = PBXResourcesBuildPhase;
			buildActionMask = 2147483647;
			files = (
			);
			runOnlyForDeploymentPostprocessing = 0;
		};
/* End PBXResourcesBuildPhase section */

/* Begin PBXSourcesBuildPhase section */
		4AB8A35328D7B8C00006C893 /* Sources */ = {
			isa = PBXSourcesBuildPhase;
			buildActionMask = 2147483647;
			files = (
				4AE5EE8128DD257F0002FCFB /* History.swift in Sources */,
				4AE5EE8928DD29710002FCFB /* WorkoutEditScreen.swift in Sources */,
				4AB8A38528D7B8DA0006C893 /* SplashScreen.swift in Sources */,
				4AE5EE8B28DD299A0002FCFB /* WorkoutDetailScreen.swift in Sources */,
				4AE5EE8528DD26E40002FCFB /* HapticManager.swift in Sources */,
				4AE5EE8F28DD2D160002FCFB /* TimerView.swift in Sources */,
				4AB8A38928D7E6CB0006C893 /* WorkoutListScreen.swift in Sources */,
				4AE5EE9128DD2D3D0002FCFB /* HistoryView.swift in Sources */,
				4AE5EE8D28DD29AF0002FCFB /* WorkoutCellView.swift in Sources */,
				4AE5EE8328DD26820002FCFB /* Clock.swift in Sources */,
				4AE5EE7928DD24030002FCFB /* DailyWorkout.swift in Sources */,
				4AB8A35D28D7B8C00006C893 /* ContentView.swift in Sources */,
				4AB8A35B28D7B8C00006C893 /* O2App.swift in Sources */,
				4AE5EE8728DD29460002FCFB /* ButtonView.swift in Sources */,
			);
			runOnlyForDeploymentPostprocessing = 0;
		};
		4AB8A36328D7B8C10006C893 /* Sources */ = {
			isa = PBXSourcesBuildPhase;
			buildActionMask = 2147483647;
			files = (
				4AB8A36C28D7B8C10006C893 /* O2Tests.swift in Sources */,
			);
			runOnlyForDeploymentPostprocessing = 0;
		};
		4AB8A36D28D7B8C10006C893 /* Sources */ = {
			isa = PBXSourcesBuildPhase;
			buildActionMask = 2147483647;
			files = (
				4AB8A37628D7B8C10006C893 /* O2UITests.swift in Sources */,
				4AB8A37828D7B8C10006C893 /* O2UITestsLaunchTests.swift in Sources */,
			);
			runOnlyForDeploymentPostprocessing = 0;
		};
/* End PBXSourcesBuildPhase section */

/* Begin PBXTargetDependency section */
		4AB8A36928D7B8C10006C893 /* PBXTargetDependency */ = {
			isa = PBXTargetDependency;
			target = 4AB8A35628D7B8C00006C893 /* O2 */;
			targetProxy = 4AB8A36828D7B8C10006C893 /* PBXContainerItemProxy */;
		};
		4AB8A37328D7B8C10006C893 /* PBXTargetDependency */ = {
			isa = PBXTargetDependency;
			target = 4AB8A35628D7B8C00006C893 /* O2 */;
			targetProxy = 4AB8A37228D7B8C10006C893 /* PBXContainerItemProxy */;
		};
/* End PBXTargetDependency section */

/* Begin XCBuildConfiguration section */
		4AB8A37928D7B8C10006C893 /* Debug */ = {
			isa = XCBuildConfiguration;
			buildSettings = {
				ALWAYS_SEARCH_USER_PATHS = NO;
				CLANG_ANALYZER_NONNULL = YES;
				CLANG_ANALYZER_NUMBER_OBJECT_CONVERSION = YES_AGGRESSIVE;
				CLANG_CXX_LANGUAGE_STANDARD = "gnu++20";
				CLANG_ENABLE_MODULES = YES;
				CLANG_ENABLE_OBJC_ARC = YES;
				CLANG_ENABLE_OBJC_WEAK = YES;
				CLANG_WARN_BLOCK_CAPTURE_AUTORELEASING = YES;
				CLANG_WARN_BOOL_CONVERSION = YES;
				CLANG_WARN_COMMA = YES;
				CLANG_WARN_CONSTANT_CONVERSION = YES;
				CLANG_WARN_DEPRECATED_OBJC_IMPLEMENTATIONS = YES;
				CLANG_WARN_DIRECT_OBJC_ISA_USAGE = YES_ERROR;
				CLANG_WARN_DOCUMENTATION_COMMENTS = YES;
				CLANG_WARN_EMPTY_BODY = YES;
				CLANG_WARN_ENUM_CONVERSION = YES;
				CLANG_WARN_INFINITE_RECURSION = YES;
				CLANG_WARN_INT_CONVERSION = YES;
				CLANG_WARN_NON_LITERAL_NULL_CONVERSION = YES;
				CLANG_WARN_OBJC_IMPLICIT_RETAIN_SELF = YES;
				CLANG_WARN_OBJC_LITERAL_CONVERSION = YES;
				CLANG_WARN_OBJC_ROOT_CLASS = YES_ERROR;
				CLANG_WARN_QUOTED_INCLUDE_IN_FRAMEWORK_HEADER = YES;
				CLANG_WARN_RANGE_LOOP_ANALYSIS = YES;
				CLANG_WARN_STRICT_PROTOTYPES = YES;
				CLANG_WARN_SUSPICIOUS_MOVE = YES;
				CLANG_WARN_UNGUARDED_AVAILABILITY = YES_AGGRESSIVE;
				CLANG_WARN_UNREACHABLE_CODE = YES;
				CLANG_WARN__DUPLICATE_METHOD_MATCH = YES;
				COPY_PHASE_STRIP = NO;
				DEBUG_INFORMATION_FORMAT = dwarf;
				ENABLE_STRICT_OBJC_MSGSEND = YES;
				ENABLE_TESTABILITY = YES;
				GCC_C_LANGUAGE_STANDARD = gnu11;
				GCC_DYNAMIC_NO_PIC = NO;
				GCC_NO_COMMON_BLOCKS = YES;
				GCC_OPTIMIZATION_LEVEL = 0;
				GCC_PREPROCESSOR_DEFINITIONS = (
					"DEBUG=1",
					"$(inherited)",
				);
				GCC_WARN_64_TO_32_BIT_CONVERSION = YES;
				GCC_WARN_ABOUT_RETURN_TYPE = YES_ERROR;
				GCC_WARN_UNDECLARED_SELECTOR = YES;
				GCC_WARN_UNINITIALIZED_AUTOS = YES_AGGRESSIVE;
				GCC_WARN_UNUSED_FUNCTION = YES;
				GCC_WARN_UNUSED_VARIABLE = YES;
				IPHONEOS_DEPLOYMENT_TARGET = 16.0;
				MTL_ENABLE_DEBUG_INFO = INCLUDE_SOURCE;
				MTL_FAST_MATH = YES;
				ONLY_ACTIVE_ARCH = YES;
				SDKROOT = iphoneos;
				SWIFT_ACTIVE_COMPILATION_CONDITIONS = DEBUG;
				SWIFT_OPTIMIZATION_LEVEL = "-Onone";
			};
			name = Debug;
		};
		4AB8A37A28D7B8C10006C893 /* Release */ = {
			isa = XCBuildConfiguration;
			buildSettings = {
				ALWAYS_SEARCH_USER_PATHS = NO;
				CLANG_ANALYZER_NONNULL = YES;
				CLANG_ANALYZER_NUMBER_OBJECT_CONVERSION = YES_AGGRESSIVE;
				CLANG_CXX_LANGUAGE_STANDARD = "gnu++20";
				CLANG_ENABLE_MODULES = YES;
				CLANG_ENABLE_OBJC_ARC = YES;
				CLANG_ENABLE_OBJC_WEAK = YES;
				CLANG_WARN_BLOCK_CAPTURE_AUTORELEASING = YES;
				CLANG_WARN_BOOL_CONVERSION = YES;
				CLANG_WARN_COMMA = YES;
				CLANG_WARN_CONSTANT_CONVERSION = YES;
				CLANG_WARN_DEPRECATED_OBJC_IMPLEMENTATIONS = YES;
				CLANG_WARN_DIRECT_OBJC_ISA_USAGE = YES_ERROR;
				CLANG_WARN_DOCUMENTATION_COMMENTS = YES;
				CLANG_WARN_EMPTY_BODY = YES;
				CLANG_WARN_ENUM_CONVERSION = YES;
				CLANG_WARN_INFINITE_RECURSION = YES;
				CLANG_WARN_INT_CONVERSION = YES;
				CLANG_WARN_NON_LITERAL_NULL_CONVERSION = YES;
				CLANG_WARN_OBJC_IMPLICIT_RETAIN_SELF = YES;
				CLANG_WARN_OBJC_LITERAL_CONVERSION = YES;
				CLANG_WARN_OBJC_ROOT_CLASS = YES_ERROR;
				CLANG_WARN_QUOTED_INCLUDE_IN_FRAMEWORK_HEADER = YES;
				CLANG_WARN_RANGE_LOOP_ANALYSIS = YES;
				CLANG_WARN_STRICT_PROTOTYPES = YES;
				CLANG_WARN_SUSPICIOUS_MOVE = YES;
				CLANG_WARN_UNGUARDED_AVAILABILITY = YES_AGGRESSIVE;
				CLANG_WARN_UNREACHABLE_CODE = YES;
				CLANG_WARN__DUPLICATE_METHOD_MATCH = YES;
				COPY_PHASE_STRIP = NO;
				DEBUG_INFORMATION_FORMAT = "dwarf-with-dsym";
				ENABLE_NS_ASSERTIONS = NO;
				ENABLE_STRICT_OBJC_MSGSEND = YES;
				GCC_C_LANGUAGE_STANDARD = gnu11;
				GCC_NO_COMMON_BLOCKS = YES;
				GCC_WARN_64_TO_32_BIT_CONVERSION = YES;
				GCC_WARN_ABOUT_RETURN_TYPE = YES_ERROR;
				GCC_WARN_UNDECLARED_SELECTOR = YES;
				GCC_WARN_UNINITIALIZED_AUTOS = YES_AGGRESSIVE;
				GCC_WARN_UNUSED_FUNCTION = YES;
				GCC_WARN_UNUSED_VARIABLE = YES;
				IPHONEOS_DEPLOYMENT_TARGET = 16.0;
				MTL_ENABLE_DEBUG_INFO = NO;
				MTL_FAST_MATH = YES;
				SDKROOT = iphoneos;
				SWIFT_COMPILATION_MODE = wholemodule;
				SWIFT_OPTIMIZATION_LEVEL = "-O";
				VALIDATE_PRODUCT = YES;
			};
			name = Release;
		};
		4AB8A37C28D7B8C10006C893 /* Debug */ = {
			isa = XCBuildConfiguration;
			buildSettings = {
				ASSETCATALOG_COMPILER_APPICON_NAME = AppIcon;
				ASSETCATALOG_COMPILER_GLOBAL_ACCENT_COLOR_NAME = AccentColor;
				CODE_SIGN_STYLE = Automatic;
				CURRENT_PROJECT_VERSION = 1;
				DEVELOPMENT_ASSET_PATHS = "\"O2/Preview Content\"";
				DEVELOPMENT_TEAM = W59W3QVKXJ;
				ENABLE_PREVIEWS = YES;
				GENERATE_INFOPLIST_FILE = YES;
				INFOPLIST_FILE = O2/Info.plist;
				INFOPLIST_KEY_UIApplicationSceneManifest_Generation = YES;
				INFOPLIST_KEY_UIApplicationSupportsIndirectInputEvents = YES;
				INFOPLIST_KEY_UILaunchScreen_Generation = YES;
				INFOPLIST_KEY_UISupportedInterfaceOrientations_iPad = "UIInterfaceOrientationPortrait UIInterfaceOrientationPortraitUpsideDown UIInterfaceOrientationLandscapeLeft UIInterfaceOrientationLandscapeRight";
				INFOPLIST_KEY_UISupportedInterfaceOrientations_iPhone = "UIInterfaceOrientationPortrait UIInterfaceOrientationLandscapeLeft UIInterfaceOrientationLandscapeRight";
				LD_RUNPATH_SEARCH_PATHS = (
					"$(inherited)",
					"@executable_path/Frameworks",
				);
				MARKETING_VERSION = 1.0;
				PRODUCT_BUNDLE_IDENTIFIER = "com.sigmatech.daily-workout.O2";
				PRODUCT_NAME = "$(TARGET_NAME)";
				SWIFT_EMIT_LOC_STRINGS = YES;
				SWIFT_VERSION = 5.0;
				TARGETED_DEVICE_FAMILY = "1,2";
			};
			name = Debug;
		};
		4AB8A37D28D7B8C10006C893 /* Release */ = {
			isa = XCBuildConfiguration;
			buildSettings = {
				ASSETCATALOG_COMPILER_APPICON_NAME = AppIcon;
				ASSETCATALOG_COMPILER_GLOBAL_ACCENT_COLOR_NAME = AccentColor;
				CODE_SIGN_STYLE = Automatic;
				CURRENT_PROJECT_VERSION = 1;
				DEVELOPMENT_ASSET_PATHS = "\"O2/Preview Content\"";
				DEVELOPMENT_TEAM = W59W3QVKXJ;
				ENABLE_PREVIEWS = YES;
				GENERATE_INFOPLIST_FILE = YES;
				INFOPLIST_FILE = O2/Info.plist;
				INFOPLIST_KEY_UIApplicationSceneManifest_Generation = YES;
				INFOPLIST_KEY_UIApplicationSupportsIndirectInputEvents = YES;
				INFOPLIST_KEY_UILaunchScreen_Generation = YES;
				INFOPLIST_KEY_UISupportedInterfaceOrientations_iPad = "UIInterfaceOrientationPortrait UIInterfaceOrientationPortraitUpsideDown UIInterfaceOrientationLandscapeLeft UIInterfaceOrientationLandscapeRight";
				INFOPLIST_KEY_UISupportedInterfaceOrientations_iPhone = "UIInterfaceOrientationPortrait UIInterfaceOrientationLandscapeLeft UIInterfaceOrientationLandscapeRight";
				LD_RUNPATH_SEARCH_PATHS = (
					"$(inherited)",
					"@executable_path/Frameworks",
				);
				MARKETING_VERSION = 1.0;
				PRODUCT_BUNDLE_IDENTIFIER = "com.sigmatech.daily-workout.O2";
				PRODUCT_NAME = "$(TARGET_NAME)";
				SWIFT_EMIT_LOC_STRINGS = YES;
				SWIFT_VERSION = 5.0;
				TARGETED_DEVICE_FAMILY = "1,2";
			};
			name = Release;
		};
		4AB8A37F28D7B8C10006C893 /* Debug */ = {
			isa = XCBuildConfiguration;
			buildSettings = {
				ALWAYS_EMBED_SWIFT_STANDARD_LIBRARIES = YES;
				BUNDLE_LOADER = "$(TEST_HOST)";
				CODE_SIGN_STYLE = Automatic;
				CURRENT_PROJECT_VERSION = 1;
				DEVELOPMENT_TEAM = W59W3QVKXJ;
				GENERATE_INFOPLIST_FILE = YES;
				IPHONEOS_DEPLOYMENT_TARGET = 16.0;
				MARKETING_VERSION = 1.0;
				PRODUCT_BUNDLE_IDENTIFIER = "com.sigmatech.daily-workout.O2Tests";
				PRODUCT_NAME = "$(TARGET_NAME)";
				SWIFT_EMIT_LOC_STRINGS = NO;
				SWIFT_VERSION = 5.0;
				TARGETED_DEVICE_FAMILY = "1,2";
				TEST_HOST = "$(BUILT_PRODUCTS_DIR)/O2.app/$(BUNDLE_EXECUTABLE_FOLDER_PATH)/O2";
			};
			name = Debug;
		};
		4AB8A38028D7B8C10006C893 /* Release */ = {
			isa = XCBuildConfiguration;
			buildSettings = {
				ALWAYS_EMBED_SWIFT_STANDARD_LIBRARIES = YES;
				BUNDLE_LOADER = "$(TEST_HOST)";
				CODE_SIGN_STYLE = Automatic;
				CURRENT_PROJECT_VERSION = 1;
				DEVELOPMENT_TEAM = W59W3QVKXJ;
				GENERATE_INFOPLIST_FILE = YES;
				IPHONEOS_DEPLOYMENT_TARGET = 16.0;
				MARKETING_VERSION = 1.0;
				PRODUCT_BUNDLE_IDENTIFIER = "com.sigmatech.daily-workout.O2Tests";
				PRODUCT_NAME = "$(TARGET_NAME)";
				SWIFT_EMIT_LOC_STRINGS = NO;
				SWIFT_VERSION = 5.0;
				TARGETED_DEVICE_FAMILY = "1,2";
				TEST_HOST = "$(BUILT_PRODUCTS_DIR)/O2.app/$(BUNDLE_EXECUTABLE_FOLDER_PATH)/O2";
			};
			name = Release;
		};
		4AB8A38228D7B8C10006C893 /* Debug */ = {
			isa = XCBuildConfiguration;
			buildSettings = {
				ALWAYS_EMBED_SWIFT_STANDARD_LIBRARIES = YES;
				CODE_SIGN_STYLE = Automatic;
				CURRENT_PROJECT_VERSION = 1;
				DEVELOPMENT_TEAM = W59W3QVKXJ;
				GENERATE_INFOPLIST_FILE = YES;
				MARKETING_VERSION = 1.0;
				PRODUCT_BUNDLE_IDENTIFIER = "com.sigmatech.daily-workout.O2UITests";
				PRODUCT_NAME = "$(TARGET_NAME)";
				SWIFT_EMIT_LOC_STRINGS = NO;
				SWIFT_VERSION = 5.0;
				TARGETED_DEVICE_FAMILY = "1,2";
				TEST_TARGET_NAME = O2;
			};
			name = Debug;
		};
		4AB8A38328D7B8C10006C893 /* Release */ = {
			isa = XCBuildConfiguration;
			buildSettings = {
				ALWAYS_EMBED_SWIFT_STANDARD_LIBRARIES = YES;
				CODE_SIGN_STYLE = Automatic;
				CURRENT_PROJECT_VERSION = 1;
				DEVELOPMENT_TEAM = W59W3QVKXJ;
				GENERATE_INFOPLIST_FILE = YES;
				MARKETING_VERSION = 1.0;
				PRODUCT_BUNDLE_IDENTIFIER = "com.sigmatech.daily-workout.O2UITests";
				PRODUCT_NAME = "$(TARGET_NAME)";
				SWIFT_EMIT_LOC_STRINGS = NO;
				SWIFT_VERSION = 5.0;
				TARGETED_DEVICE_FAMILY = "1,2";
				TEST_TARGET_NAME = O2;
			};
			name = Release;
		};
/* End XCBuildConfiguration section */

/* Begin XCConfigurationList section */
		4AB8A35228D7B8C00006C893 /* Build configuration list for PBXProject "O2" */ = {
			isa = XCConfigurationList;
			buildConfigurations = (
				4AB8A37928D7B8C10006C893 /* Debug */,
				4AB8A37A28D7B8C10006C893 /* Release */,
			);
			defaultConfigurationIsVisible = 0;
			defaultConfigurationName = Release;
		};
		4AB8A37B28D7B8C10006C893 /* Build configuration list for PBXNativeTarget "O2" */ = {
			isa = XCConfigurationList;
			buildConfigurations = (
				4AB8A37C28D7B8C10006C893 /* Debug */,
				4AB8A37D28D7B8C10006C893 /* Release */,
			);
			defaultConfigurationIsVisible = 0;
			defaultConfigurationName = Release;
		};
		4AB8A37E28D7B8C10006C893 /* Build configuration list for PBXNativeTarget "O2Tests" */ = {
			isa = XCConfigurationList;
			buildConfigurations = (
				4AB8A37F28D7B8C10006C893 /* Debug */,
				4AB8A38028D7B8C10006C893 /* Release */,
			);
			defaultConfigurationIsVisible = 0;
			defaultConfigurationName = Release;
		};
		4AB8A38128D7B8C10006C893 /* Build configuration list for PBXNativeTarget "O2UITests" */ = {
			isa = XCConfigurationList;
			buildConfigurations = (
				4AB8A38228D7B8C10006C893 /* Debug */,
				4AB8A38328D7B8C10006C893 /* Release */,
			);
			defaultConfigurationIsVisible = 0;
			defaultConfigurationName = Release;
		};
/* End XCConfigurationList section */

/* Begin XCRemoteSwiftPackageReference section */
		4AE5EE7B28DD24BF0002FCFB /* XCRemoteSwiftPackageReference "realm-cocoa" */ = {
			isa = XCRemoteSwiftPackageReference;
			repositoryURL = "https://github.com/realm/realm-cocoa";
			requirement = {
				branch = master;
				kind = branch;
			};
		};
/* End XCRemoteSwiftPackageReference section */

/* Begin XCSwiftPackageProductDependency section */
		4AE5EE7C28DD24C00002FCFB /* Realm */ = {
			isa = XCSwiftPackageProductDependency;
			package = 4AE5EE7B28DD24BF0002FCFB /* XCRemoteSwiftPackageReference "realm-cocoa" */;
			productName = Realm;
		};
		4AE5EE7E28DD24C00002FCFB /* RealmSwift */ = {
			isa = XCSwiftPackageProductDependency;
			package = 4AE5EE7B28DD24BF0002FCFB /* XCRemoteSwiftPackageReference "realm-cocoa" */;
			productName = RealmSwift;
		};
/* End XCSwiftPackageProductDependency section */
	};
	rootObject = 4AB8A34F28D7B8C00006C893 /* Project object */;
}
